// !$*UTF8*$!
{
	archiveVersion = 1;
	classes = {
	};
	objectVersion = 46;
	objects = {

/* Begin PBXBuildFile section */
		0B050E061DCC1C5F000358D9 /* AppDelegate.swift in Sources */ = {isa = PBXBuildFile; fileRef = 0B050E051DCC1C5F000358D9 /* AppDelegate.swift */; };
		0B050E0B1DCC1C5F000358D9 /* Main.storyboard in Resources */ = {isa = PBXBuildFile; fileRef = 0B050E091DCC1C5F000358D9 /* Main.storyboard */; };
		0B050E0D1DCC1C5F000358D9 /* Assets.xcassets in Resources */ = {isa = PBXBuildFile; fileRef = 0B050E0C1DCC1C5F000358D9 /* Assets.xcassets */; };
		0B050E101DCC1C5F000358D9 /* LaunchScreen.storyboard in Resources */ = {isa = PBXBuildFile; fileRef = 0B050E0E1DCC1C5F000358D9 /* LaunchScreen.storyboard */; };
		0B050E181DCC1CD5000358D9 /* LoginVC.swift in Sources */ = {isa = PBXBuildFile; fileRef = 0B050E171DCC1CD5000358D9 /* LoginVC.swift */; };
		0B050E1A1DCC1D47000358D9 /* ChatVC.swift in Sources */ = {isa = PBXBuildFile; fileRef = 0B050E191DCC1D47000358D9 /* ChatVC.swift */; };
		0B050E251DCC21BC000358D9 /* OE8IQJSCCN.jpg in Resources */ = {isa = PBXBuildFile; fileRef = 0B050E1C1DCC21BC000358D9 /* OE8IQJSCCN.jpg */; };
		0B050E261DCC21BC000358D9 /* photo-1415226161018-3ec581fa733d.jpeg in Resources */ = {isa = PBXBuildFile; fileRef = 0B050E1D1DCC21BC000358D9 /* photo-1415226161018-3ec581fa733d.jpeg */; };
		0B050E271DCC21BC000358D9 /* photo-1429547584745-d8bec594c82e.jpeg in Resources */ = {isa = PBXBuildFile; fileRef = 0B050E1E1DCC21BC000358D9 /* photo-1429547584745-d8bec594c82e.jpeg */; };
		0B050E281DCC21BC000358D9 /* photo-1431538510849-b719825bf08b.jpeg in Resources */ = {isa = PBXBuildFile; fileRef = 0B050E1F1DCC21BC000358D9 /* photo-1431538510849-b719825bf08b.jpeg */; };
		0B050E291DCC21BC000358D9 /* photo-1437651025703-2858c944e3eb.jpeg in Resources */ = {isa = PBXBuildFile; fileRef = 0B050E201DCC21BC000358D9 /* photo-1437651025703-2858c944e3eb.jpeg */; };
		0B050E2A1DCC21BC000358D9 /* photo-1439694458393-78ecf14da7f9.jpeg in Resources */ = {isa = PBXBuildFile; fileRef = 0B050E211DCC21BC000358D9 /* photo-1439694458393-78ecf14da7f9.jpeg */; };
		0B050E2B1DCC21BC000358D9 /* photo-1440558899941-2b58b4b0e6ad.jpeg in Resources */ = {isa = PBXBuildFile; fileRef = 0B050E221DCC21BC000358D9 /* photo-1440558899941-2b58b4b0e6ad.jpeg */; };
		0B050E2C1DCC21BC000358D9 /* photo-1449452198679-05c7fd30f416.jpeg in Resources */ = {isa = PBXBuildFile; fileRef = 0B050E231DCC21BC000358D9 /* photo-1449452198679-05c7fd30f416.jpeg */; };
		0B050E2D1DCC21BC000358D9 /* photo.jpg in Resources */ = {isa = PBXBuildFile; fileRef = 0B050E241DCC21BC000358D9 /* photo.jpg */; };
		0B050E2F1DCC24AA000358D9 /* google-plus-4-512.png in Resources */ = {isa = PBXBuildFile; fileRef = 0B050E2E1DCC24AA000358D9 /* google-plus-4-512.png */; };
		0B050E331DCC251C000358D9 /* google-plus-3-xxl.png in Resources */ = {isa = PBXBuildFile; fileRef = 0B050E321DCC251C000358D9 /* google-plus-3-xxl.png */; };
		0B1728231DCCDC2D00933F2D /* GoogleService-Info.plist in Resources */ = {isa = PBXBuildFile; fileRef = 0B1728221DCCDC2D00933F2D /* GoogleService-Info.plist */; };
		0B1728251DCD02DA00933F2D /* Helper.swift in Sources */ = {isa = PBXBuildFile; fileRef = 0B1728241DCD02DA00933F2D /* Helper.swift */; };
		407CF9873D976816475FD417 /* Pods_chatApp.framework in Frameworks */ = {isa = PBXBuildFile; fileRef = F0A6ADA5689AD9CD2507FB7A /* Pods_chatApp.framework */; };
/* End PBXBuildFile section */

/* Begin PBXFileReference section */
		0B050E021DCC1C5F000358D9 /* chatApp.app */ = {isa = PBXFileReference; explicitFileType = wrapper.application; includeInIndex = 0; path = chatApp.app; sourceTree = BUILT_PRODUCTS_DIR; };
		0B050E051DCC1C5F000358D9 /* AppDelegate.swift */ = {isa = PBXFileReference; lastKnownFileType = sourcecode.swift; path = AppDelegate.swift; sourceTree = "<group>"; };
		0B050E0A1DCC1C5F000358D9 /* Base */ = {isa = PBXFileReference; lastKnownFileType = file.storyboard; name = Base; path = Base.lproj/Main.storyboard; sourceTree = "<group>"; };
		0B050E0C1DCC1C5F000358D9 /* Assets.xcassets */ = {isa = PBXFileReference; lastKnownFileType = folder.assetcatalog; path = Assets.xcassets; sourceTree = "<group>"; };
		0B050E0F1DCC1C5F000358D9 /* Base */ = {isa = PBXFileReference; lastKnownFileType = file.storyboard; name = Base; path = Base.lproj/LaunchScreen.storyboard; sourceTree = "<group>"; };
		0B050E111DCC1C5F000358D9 /* Info.plist */ = {isa = PBXFileReference; lastKnownFileType = text.plist.xml; path = Info.plist; sourceTree = "<group>"; };
		0B050E171DCC1CD5000358D9 /* LoginVC.swift */ = {isa = PBXFileReference; fileEncoding = 4; lastKnownFileType = sourcecode.swift; path = LoginVC.swift; sourceTree = "<group>"; };
		0B050E191DCC1D47000358D9 /* ChatVC.swift */ = {isa = PBXFileReference; fileEncoding = 4; lastKnownFileType = sourcecode.swift; path = ChatVC.swift; sourceTree = "<group>"; };
		0B050E1C1DCC21BC000358D9 /* OE8IQJSCCN.jpg */ = {isa = PBXFileReference; lastKnownFileType = image.jpeg; path = OE8IQJSCCN.jpg; sourceTree = "<group>"; };
		0B050E1D1DCC21BC000358D9 /* photo-1415226161018-3ec581fa733d.jpeg */ = {isa = PBXFileReference; lastKnownFileType = image.jpeg; path = "photo-1415226161018-3ec581fa733d.jpeg"; sourceTree = "<group>"; };
		0B050E1E1DCC21BC000358D9 /* photo-1429547584745-d8bec594c82e.jpeg */ = {isa = PBXFileReference; lastKnownFileType = image.jpeg; path = "photo-1429547584745-d8bec594c82e.jpeg"; sourceTree = "<group>"; };
		0B050E1F1DCC21BC000358D9 /* photo-1431538510849-b719825bf08b.jpeg */ = {isa = PBXFileReference; lastKnownFileType = image.jpeg; path = "photo-1431538510849-b719825bf08b.jpeg"; sourceTree = "<group>"; };
		0B050E201DCC21BC000358D9 /* photo-1437651025703-2858c944e3eb.jpeg */ = {isa = PBXFileReference; lastKnownFileType = image.jpeg; path = "photo-1437651025703-2858c944e3eb.jpeg"; sourceTree = "<group>"; };
		0B050E211DCC21BC000358D9 /* photo-1439694458393-78ecf14da7f9.jpeg */ = {isa = PBXFileReference; lastKnownFileType = image.jpeg; path = "photo-1439694458393-78ecf14da7f9.jpeg"; sourceTree = "<group>"; };
		0B050E221DCC21BC000358D9 /* photo-1440558899941-2b58b4b0e6ad.jpeg */ = {isa = PBXFileReference; lastKnownFileType = image.jpeg; path = "photo-1440558899941-2b58b4b0e6ad.jpeg"; sourceTree = "<group>"; };
		0B050E231DCC21BC000358D9 /* photo-1449452198679-05c7fd30f416.jpeg */ = {isa = PBXFileReference; lastKnownFileType = image.jpeg; path = "photo-1449452198679-05c7fd30f416.jpeg"; sourceTree = "<group>"; };
		0B050E241DCC21BC000358D9 /* photo.jpg */ = {isa = PBXFileReference; lastKnownFileType = image.jpeg; path = photo.jpg; sourceTree = "<group>"; };
		0B050E2E1DCC24AA000358D9 /* google-plus-4-512.png */ = {isa = PBXFileReference; lastKnownFileType = image.png; path = "google-plus-4-512.png"; sourceTree = "<group>"; };
		0B050E321DCC251C000358D9 /* google-plus-3-xxl.png */ = {isa = PBXFileReference; lastKnownFileType = image.png; path = "google-plus-3-xxl.png"; sourceTree = "<group>"; };
		0B1728221DCCDC2D00933F2D /* GoogleService-Info.plist */ = {isa = PBXFileReference; fileEncoding = 4; lastKnownFileType = text.plist.xml; path = "GoogleService-Info.plist"; sourceTree = "<group>"; };
		0B1728241DCD02DA00933F2D /* Helper.swift */ = {isa = PBXFileReference; fileEncoding = 4; lastKnownFileType = sourcecode.swift; path = Helper.swift; sourceTree = "<group>"; };
		0C5319D77298F59E96F50945 /* Pods-chatApp.debug.xcconfig */ = {isa = PBXFileReference; includeInIndex = 1; lastKnownFileType = text.xcconfig; name = "Pods-chatApp.debug.xcconfig"; path = "Pods/Target Support Files/Pods-chatApp/Pods-chatApp.debug.xcconfig"; sourceTree = "<group>"; };
		D5F377D49906DEADF30CC90B /* Pods-chatApp.release.xcconfig */ = {isa = PBXFileReference; includeInIndex = 1; lastKnownFileType = text.xcconfig; name = "Pods-chatApp.release.xcconfig"; path = "Pods/Target Support Files/Pods-chatApp/Pods-chatApp.release.xcconfig"; sourceTree = "<group>"; };
		F0A6ADA5689AD9CD2507FB7A /* Pods_chatApp.framework */ = {isa = PBXFileReference; explicitFileType = wrapper.framework; includeInIndex = 0; path = Pods_chatApp.framework; sourceTree = BUILT_PRODUCTS_DIR; };
/* End PBXFileReference section */

/* Begin PBXFrameworksBuildPhase section */
		0B050DFF1DCC1C5E000358D9 /* Frameworks */ = {
			isa = PBXFrameworksBuildPhase;
			buildActionMask = 2147483647;
			files = (
				407CF9873D976816475FD417 /* Pods_chatApp.framework in Frameworks */,
			);
			runOnlyForDeploymentPostprocessing = 0;
		};
/* End PBXFrameworksBuildPhase section */

/* Begin PBXGroup section */
		0B050DF91DCC1C5E000358D9 = {
			isa = PBXGroup;
			children = (
				0B050E041DCC1C5F000358D9 /* chatApp */,
				0B050E031DCC1C5F000358D9 /* Products */,
				380667996302EC7E63F66E31 /* Pods */,
				119642D9829BD091B226D5F9 /* Frameworks */,
			);
			sourceTree = "<group>";
		};
		0B050E031DCC1C5F000358D9 /* Products */ = {
			isa = PBXGroup;
			children = (
				0B050E021DCC1C5F000358D9 /* chatApp.app */,
			);
			name = Products;
			sourceTree = "<group>";
		};
		0B050E041DCC1C5F000358D9 /* chatApp */ = {
			isa = PBXGroup;
			children = (
				0B050E1B1DCC2140000358D9 /* Resources */,
				0B050E051DCC1C5F000358D9 /* AppDelegate.swift */,
				0B050E091DCC1C5F000358D9 /* Main.storyboard */,
				0B050E0C1DCC1C5F000358D9 /* Assets.xcassets */,
				0B050E0E1DCC1C5F000358D9 /* LaunchScreen.storyboard */,
				0B050E111DCC1C5F000358D9 /* Info.plist */,
				0B050E171DCC1CD5000358D9 /* LoginVC.swift */,
				0B050E191DCC1D47000358D9 /* ChatVC.swift */,
				0B1728221DCCDC2D00933F2D /* GoogleService-Info.plist */,
				0B1728241DCD02DA00933F2D /* Helper.swift */,
			);
			path = chatApp;
			sourceTree = "<group>";
		};
		0B050E1B1DCC2140000358D9 /* Resources */ = {
			isa = PBXGroup;
			children = (
				0B050E1C1DCC21BC000358D9 /* OE8IQJSCCN.jpg */,
				0B050E1D1DCC21BC000358D9 /* photo-1415226161018-3ec581fa733d.jpeg */,
				0B050E1E1DCC21BC000358D9 /* photo-1429547584745-d8bec594c82e.jpeg */,
				0B050E321DCC251C000358D9 /* google-plus-3-xxl.png */,
				0B050E1F1DCC21BC000358D9 /* photo-1431538510849-b719825bf08b.jpeg */,
				0B050E201DCC21BC000358D9 /* photo-1437651025703-2858c944e3eb.jpeg */,
				0B050E211DCC21BC000358D9 /* photo-1439694458393-78ecf14da7f9.jpeg */,
				0B050E221DCC21BC000358D9 /* photo-1440558899941-2b58b4b0e6ad.jpeg */,
				0B050E231DCC21BC000358D9 /* photo-1449452198679-05c7fd30f416.jpeg */,
				0B050E2E1DCC24AA000358D9 /* google-plus-4-512.png */,
				0B050E241DCC21BC000358D9 /* photo.jpg */,
			);
			name = Resources;
			sourceTree = "<group>";
		};
		119642D9829BD091B226D5F9 /* Frameworks */ = {
			isa = PBXGroup;
			children = (
				F0A6ADA5689AD9CD2507FB7A /* Pods_chatApp.framework */,
			);
			name = Frameworks;
			sourceTree = "<group>";
		};
		380667996302EC7E63F66E31 /* Pods */ = {
			isa = PBXGroup;
			children = (
				0C5319D77298F59E96F50945 /* Pods-chatApp.debug.xcconfig */,
				D5F377D49906DEADF30CC90B /* Pods-chatApp.release.xcconfig */,
			);
			name = Pods;
			sourceTree = "<group>";
		};
/* End PBXGroup section */

/* Begin PBXNativeTarget section */
		0B050E011DCC1C5E000358D9 /* chatApp */ = {
			isa = PBXNativeTarget;
			buildConfigurationList = 0B050E141DCC1C5F000358D9 /* Build configuration list for PBXNativeTarget "chatApp" */;
			buildPhases = (
				94B2FBCE2AFD1E8A163D2A04 /* [CP] Check Pods Manifest.lock */,
				0B050DFE1DCC1C5E000358D9 /* Sources */,
				0B050DFF1DCC1C5E000358D9 /* Frameworks */,
				0B050E001DCC1C5E000358D9 /* Resources */,
				6EE7C87A4DCF45BA929ED0EE /* [CP] Embed Pods Frameworks */,
				F880F3FF63FFA4EEBC602FA6 /* [CP] Copy Pods Resources */,
			);
			buildRules = (
			);
			dependencies = (
			);
			name = chatApp;
			productName = chatApp;
			productReference = 0B050E021DCC1C5F000358D9 /* chatApp.app */;
			productType = "com.apple.product-type.application";
		};
/* End PBXNativeTarget section */

/* Begin PBXProject section */
		0B050DFA1DCC1C5E000358D9 /* Project object */ = {
			isa = PBXProject;
			attributes = {
				LastSwiftUpdateCheck = 0820;
				LastUpgradeCheck = 0820;
				ORGANIZATIONNAME = "Cody Condon";
				TargetAttributes = {
					0B050E011DCC1C5E000358D9 = {
						CreatedOnToolsVersion = 8.2;
						DevelopmentTeam = G7CYZFGRXM;
						ProvisioningStyle = Automatic;
					};
				};
			};
			buildConfigurationList = 0B050DFD1DCC1C5E000358D9 /* Build configuration list for PBXProject "chatApp" */;
			compatibilityVersion = "Xcode 3.2";
			developmentRegion = English;
			hasScannedForEncodings = 0;
			knownRegions = (
				en,
				Base,
			);
			mainGroup = 0B050DF91DCC1C5E000358D9;
			productRefGroup = 0B050E031DCC1C5F000358D9 /* Products */;
			projectDirPath = "";
			projectRoot = "";
			targets = (
				0B050E011DCC1C5E000358D9 /* chatApp */,
			);
		};
/* End PBXProject section */

/* Begin PBXResourcesBuildPhase section */
		0B050E001DCC1C5E000358D9 /* Resources */ = {
			isa = PBXResourcesBuildPhase;
			buildActionMask = 2147483647;
			files = (
				0B050E261DCC21BC000358D9 /* photo-1415226161018-3ec581fa733d.jpeg in Resources */,
				0B050E2F1DCC24AA000358D9 /* google-plus-4-512.png in Resources */,
				0B050E2C1DCC21BC000358D9 /* photo-1449452198679-05c7fd30f416.jpeg in Resources */,
				0B050E2D1DCC21BC000358D9 /* photo.jpg in Resources */,
				0B050E281DCC21BC000358D9 /* photo-1431538510849-b719825bf08b.jpeg in Resources */,
				0B050E251DCC21BC000358D9 /* OE8IQJSCCN.jpg in Resources */,
				0B050E2A1DCC21BC000358D9 /* photo-1439694458393-78ecf14da7f9.jpeg in Resources */,
				0B050E331DCC251C000358D9 /* google-plus-3-xxl.png in Resources */,
				0B050E291DCC21BC000358D9 /* photo-1437651025703-2858c944e3eb.jpeg in Resources */,
				0B050E271DCC21BC000358D9 /* photo-1429547584745-d8bec594c82e.jpeg in Resources */,
				0B050E101DCC1C5F000358D9 /* LaunchScreen.storyboard in Resources */,
				0B050E0D1DCC1C5F000358D9 /* Assets.xcassets in Resources */,
				0B050E0B1DCC1C5F000358D9 /* Main.storyboard in Resources */,
				0B1728231DCCDC2D00933F2D /* GoogleService-Info.plist in Resources */,
				0B050E2B1DCC21BC000358D9 /* photo-1440558899941-2b58b4b0e6ad.jpeg in Resources */,
			);
			runOnlyForDeploymentPostprocessing = 0;
		};
/* End PBXResourcesBuildPhase section */

/* Begin PBXShellScriptBuildPhase section */
		6EE7C87A4DCF45BA929ED0EE /* [CP] Embed Pods Frameworks */ = {
			isa = PBXShellScriptBuildPhase;
			buildActionMask = 2147483647;
			files = (
			);
			inputPaths = (
			);
			name = "[CP] Embed Pods Frameworks";
			outputPaths = (
			);
			runOnlyForDeploymentPostprocessing = 0;
			shellPath = /bin/sh;
			shellScript = "\"${SRCROOT}/Pods/Target Support Files/Pods-chatApp/Pods-chatApp-frameworks.sh\"\n";
			showEnvVarsInLog = 0;
		};
		94B2FBCE2AFD1E8A163D2A04 /* [CP] Check Pods Manifest.lock */ = {
			isa = PBXShellScriptBuildPhase;
			buildActionMask = 2147483647;
			files = (
			);
			inputPaths = (
			);
			name = "[CP] Check Pods Manifest.lock";
			outputPaths = (
			);
			runOnlyForDeploymentPostprocessing = 0;
			shellPath = /bin/sh;
			shellScript = "diff \"${PODS_ROOT}/../Podfile.lock\" \"${PODS_ROOT}/Manifest.lock\" > /dev/null\nif [ $? != 0 ] ; then\n    # print error to STDERR\n    echo \"error: The sandbox is not in sync with the Podfile.lock. Run 'pod install' or update your CocoaPods installation.\" >&2\n    exit 1\nfi\n";
			showEnvVarsInLog = 0;
		};
		F880F3FF63FFA4EEBC602FA6 /* [CP] Copy Pods Resources */ = {
			isa = PBXShellScriptBuildPhase;
			buildActionMask = 2147483647;
			files = (
			);
			inputPaths = (
			);
			name = "[CP] Copy Pods Resources";
			outputPaths = (
			);
			runOnlyForDeploymentPostprocessing = 0;
			shellPath = /bin/sh;
			shellScript = "\"${SRCROOT}/Pods/Target Support Files/Pods-chatApp/Pods-chatApp-resources.sh\"\n";
			showEnvVarsInLog = 0;
		};
/* End PBXShellScriptBuildPhase section */

/* Begin PBXSourcesBuildPhase section */
		0B050DFE1DCC1C5E000358D9 /* Sources */ = {
			isa = PBXSourcesBuildPhase;
			buildActionMask = 2147483647;
			files = (
				0B050E1A1DCC1D47000358D9 /* ChatVC.swift in Sources */,
				0B050E181DCC1CD5000358D9 /* LoginVC.swift in Sources */,
				0B050E061DCC1C5F000358D9 /* AppDelegate.swift in Sources */,
				0B1728251DCD02DA00933F2D /* Helper.swift in Sources */,
			);
			runOnlyForDeploymentPostprocessing = 0;
		};
/* End PBXSourcesBuildPhase section */

/* Begin PBXVariantGroup section */
		0B050E091DCC1C5F000358D9 /* Main.storyboard */ = {
			isa = PBXVariantGroup;
			children = (
				0B050E0A1DCC1C5F000358D9 /* Base */,
			);
			name = Main.storyboard;
			sourceTree = "<group>";
		};
		0B050E0E1DCC1C5F000358D9 /* LaunchScreen.storyboard */ = {
			isa = PBXVariantGroup;
			children = (
				0B050E0F1DCC1C5F000358D9 /* Base */,
			);
			name = LaunchScreen.storyboard;
			sourceTree = "<group>";
		};
/* End PBXVariantGroup section */

/* Begin XCBuildConfiguration section */
		0B050E121DCC1C5F000358D9 /* Debug */ = {
			isa = XCBuildConfiguration;
			buildSettings = {
				ALWAYS_SEARCH_USER_PATHS = NO;
				CLANG_ANALYZER_NONNULL = YES;
				CLANG_CXX_LANGUAGE_STANDARD = "gnu++0x";
				CLANG_CXX_LIBRARY = "libc++";
				CLANG_ENABLE_MODULES = YES;
				CLANG_ENABLE_OBJC_ARC = YES;
				CLANG_WARN_BOOL_CONVERSION = YES;
				CLANG_WARN_CONSTANT_CONVERSION = YES;
				CLANG_WARN_DIRECT_OBJC_ISA_USAGE = YES_ERROR;
				CLANG_WARN_DOCUMENTATION_COMMENTS = YES;
				CLANG_WARN_EMPTY_BODY = YES;
				CLANG_WARN_ENUM_CONVERSION = YES;
				CLANG_WARN_INFINITE_RECURSION = YES;
				CLANG_WARN_INT_CONVERSION = YES;
				CLANG_WARN_OBJC_ROOT_CLASS = YES_ERROR;
				CLANG_WARN_SUSPICIOUS_MOVE = YES;
				CLANG_WARN_UNREACHABLE_CODE = YES;
				CLANG_WARN__DUPLICATE_METHOD_MATCH = YES;
				"CODE_SIGN_IDENTITY[sdk=iphoneos*]" = "iPhone Developer";
				COPY_PHASE_STRIP = NO;
				DEBUG_INFORMATION_FORMAT = dwarf;
				ENABLE_STRICT_OBJC_MSGSEND = YES;
				ENABLE_TESTABILITY = YES;
				GCC_C_LANGUAGE_STANDARD = gnu99;
				GCC_DYNAMIC_NO_PIC = NO;
				GCC_NO_COMMON_BLOCKS = YES;
				GCC_OPTIMIZATION_LEVEL = 0;
				GCC_PREPROCESSOR_DEFINITIONS = (
					"DEBUG=1",
					"$(inherited)",
				);
				GCC_WARN_64_TO_32_BIT_CONVERSION = YES;
				GCC_WARN_ABOUT_RETURN_TYPE = YES_ERROR;
				GCC_WARN_UNDECLARED_SELECTOR = YES;
				GCC_WARN_UNINITIALIZED_AUTOS = YES_AGGRESSIVE;
				GCC_WARN_UNUSED_FUNCTION = YES;
				GCC_WARN_UNUSED_VARIABLE = YES;
				IPHONEOS_DEPLOYMENT_TARGET = 10.2;
				MTL_ENABLE_DEBUG_INFO = YES;
				ONLY_ACTIVE_ARCH = YES;
				SDKROOT = iphoneos;
				SWIFT_ACTIVE_COMPILATION_CONDITIONS = DEBUG;
				SWIFT_OPTIMIZATION_LEVEL = "-Onone";
				TARGETED_DEVICE_FAMILY = "1,2";
			};
			name = Debug;
		};
		0B050E131DCC1C5F000358D9 /* Release */ = {
			isa = XCBuildConfiguration;
			buildSettings = {
				ALWAYS_SEARCH_USER_PATHS = NO;
				CLANG_ANALYZER_NONNULL = YES;
				CLANG_CXX_LANGUAGE_STANDARD = "gnu++0x";
				CLANG_CXX_LIBRARY = "libc++";
				CLANG_ENABLE_MODULES = YES;
				CLANG_ENABLE_OBJC_ARC = YES;
				CLANG_WARN_BOOL_CONVERSION = YES;
				CLANG_WARN_CONSTANT_CONVERSION = YES;
				CLANG_WARN_DIRECT_OBJC_ISA_USAGE = YES_ERROR;
				CLANG_WARN_DOCUMENTATION_COMMENTS = YES;
				CLANG_WARN_EMPTY_BODY = YES;
				CLANG_WARN_ENUM_CONVERSION = YES;
				CLANG_WARN_INFINITE_RECURSION = YES;
				CLANG_WARN_INT_CONVERSION = YES;
				CLANG_WARN_OBJC_ROOT_CLASS = YES_ERROR;
				CLANG_WARN_SUSPICIOUS_MOVE = YES;
				CLANG_WARN_UNREACHABLE_CODE = YES;
				CLANG_WARN__DUPLICATE_METHOD_MATCH = YES;
				"CODE_SIGN_IDENTITY[sdk=iphoneos*]" = "iPhone Developer";
				COPY_PHASE_STRIP = NO;
				DEBUG_INFORMATION_FORMAT = "dwarf-with-dsym";
				ENABLE_NS_ASSERTIONS = NO;
				ENABLE_STRICT_OBJC_MSGSEND = YES;
				GCC_C_LANGUAGE_STANDARD = gnu99;
				GCC_NO_COMMON_BLOCKS = YES;
				GCC_WARN_64_TO_32_BIT_CONVERSION = YES;
				GCC_WARN_ABOUT_RETURN_TYPE = YES_ERROR;
				GCC_WARN_UNDECLARED_SELECTOR = YES;
				GCC_WARN_UNINITIALIZED_AUTOS = YES_AGGRESSIVE;
				GCC_WARN_UNUSED_FUNCTION = YES;
				GCC_WARN_UNUSED_VARIABLE = YES;
				IPHONEOS_DEPLOYMENT_TARGET = 10.2;
				MTL_ENABLE_DEBUG_INFO = NO;
				SDKROOT = iphoneos;
				SWIFT_OPTIMIZATION_LEVEL = "-Owholemodule";
				TARGETED_DEVICE_FAMILY = "1,2";
				VALIDATE_PRODUCT = YES;
			};
			name = Release;
		};
		0B050E151DCC1C5F000358D9 /* Debug */ = {
			isa = XCBuildConfiguration;
			baseConfigurationReference = 0C5319D77298F59E96F50945 /* Pods-chatApp.debug.xcconfig */;
			buildSettings = {
				ASSETCATALOG_COMPILER_APPICON_NAME = AppIcon;
				DEVELOPMENT_TEAM = G7CYZFGRXM;
				INFOPLIST_FILE = chatApp/Info.plist;
				IPHONEOS_DEPLOYMENT_TARGET = 10.1;
				LD_RUNPATH_SEARCH_PATHS = "$(inherited) @executable_path/Frameworks";
				PRODUCT_BUNDLE_IDENTIFIER = com.codycondon.chatApp;
				PRODUCT_NAME = "$(TARGET_NAME)";
				SWIFT_VERSION = 3.0;
			};
			name = Debug;
		};
		0B050E161DCC1C5F000358D9 /* Release */ = {
			isa = XCBuildConfiguration;
			baseConfigurationReference = D5F377D49906DEADF30CC90B /* Pods-chatApp.release.xcconfig */;
			buildSettings = {
				ASSETCATALOG_COMPILER_APPICON_NAME = AppIcon;
				DEVELOPMENT_TEAM = G7CYZFGRXM;
				INFOPLIST_FILE = chatApp/Info.plist;
				IPHONEOS_DEPLOYMENT_TARGET = 10.1;
				LD_RUNPATH_SEARCH_PATHS = "$(inherited) @executable_path/Frameworks";
				PRODUCT_BUNDLE_IDENTIFIER = com.codycondon.chatApp;
				PRODUCT_NAME = "$(TARGET_NAME)";
				SWIFT_VERSION = 3.0;
			};
			name = Release;
		};
/* End XCBuildConfiguration section */

/* Begin XCConfigurationList section */
		0B050DFD1DCC1C5E000358D9 /* Build configuration list for PBXProject "chatApp" */ = {
			isa = XCConfigurationList;
			buildConfigurations = (
				0B050E121DCC1C5F000358D9 /* Debug */,
				0B050E131DCC1C5F000358D9 /* Release */,
			);
			defaultConfigurationIsVisible = 0;
			defaultConfigurationName = Release;
		};
		0B050E141DCC1C5F000358D9 /* Build configuration list for PBXNativeTarget "chatApp" */ = {
			isa = XCConfigurationList;
			buildConfigurations = (
				0B050E151DCC1C5F000358D9 /* Debug */,
				0B050E161DCC1C5F000358D9 /* Release */,
			);
			defaultConfigurationIsVisible = 0;
			defaultConfigurationName = Release;
		};
/* End XCConfigurationList section */
	};
	rootObject = 0B050DFA1DCC1C5E000358D9 /* Project object */;
}
